// !$*UTF8*$!
{
	archiveVersion = 1;
	classes = {
	};
	objectVersion = 50;
	objects = {

/* Begin PBXBuildFile section */
		EE105B1E26E757DD0090D6D2 /* GA_Tech_IntApp.swift in Sources */ = {isa = PBXBuildFile; fileRef = EE105B1D26E757DD0090D6D2 /* GA_Tech_IntApp.swift */; };
		EE105B2026E757DD0090D6D2 /* ContentView.swift in Sources */ = {isa = PBXBuildFile; fileRef = EE105B1F26E757DD0090D6D2 /* ContentView.swift */; };
		EE105B2226E757E10090D6D2 /* Assets.xcassets in Resources */ = {isa = PBXBuildFile; fileRef = EE105B2126E757E10090D6D2 /* Assets.xcassets */; };
		EE105B2526E757E10090D6D2 /* Preview Assets.xcassets in Resources */ = {isa = PBXBuildFile; fileRef = EE105B2426E757E10090D6D2 /* Preview Assets.xcassets */; };
		EE105B3126E774420090D6D2 /* PostListViewModel.swift in Sources */ = {isa = PBXBuildFile; fileRef = EE105B3026E774420090D6D2 /* PostListViewModel.swift */; };
		EE105B3326E77D2D0090D6D2 /* ArtworkLoader.swift in Sources */ = {isa = PBXBuildFile; fileRef = EE105B3226E77D2D0090D6D2 /* ArtworkLoader.swift */; };
		EE105B3726E7812F0090D6D2 /* EmptyStateView.swift in Sources */ = {isa = PBXBuildFile; fileRef = EE105B3626E7812F0090D6D2 /* EmptyStateView.swift */; };
		EE5AF74E26E8A29D00E304C8 /* PostDetailView.swift in Sources */ = {isa = PBXBuildFile; fileRef = EE5AF74D26E8A29D00E304C8 /* PostDetailView.swift */; };
		EE5AF77D26E8F52400E304C8 /* DataModel.swift in Sources */ = {isa = PBXBuildFile; fileRef = EE5AF77C26E8F52400E304C8 /* DataModel.swift */; };
		EE5AF77F26E8FE1C00E304C8 /* PostCardView.swift in Sources */ = {isa = PBXBuildFile; fileRef = EE5AF77E26E8FE1C00E304C8 /* PostCardView.swift */; };
		EE5AF78126E8FEB800E304C8 /* ArtworkView.swift in Sources */ = {isa = PBXBuildFile; fileRef = EE5AF78026E8FEB800E304C8 /* ArtworkView.swift */; };
		EE5AF78326E9518000E304C8 /* LaunchScreen.storyboard in Resources */ = {isa = PBXBuildFile; fileRef = EE5AF78226E9518000E304C8 /* LaunchScreen.storyboard */; };
		EE93DD2B26EA740200934413 /* ErrorHandler.swift in Sources */ = {isa = PBXBuildFile; fileRef = EE93DD2A26EA740200934413 /* ErrorHandler.swift */; };
/* End PBXBuildFile section */

/* Begin PBXFileReference section */
		EE105B1A26E757DD0090D6D2 /* GA_Tech_Int.app */ = {isa = PBXFileReference; explicitFileType = wrapper.application; includeInIndex = 0; path = GA_Tech_Int.app; sourceTree = BUILT_PRODUCTS_DIR; };
		EE105B1D26E757DD0090D6D2 /* GA_Tech_IntApp.swift */ = {isa = PBXFileReference; lastKnownFileType = sourcecode.swift; path = GA_Tech_IntApp.swift; sourceTree = "<group>"; };
		EE105B1F26E757DD0090D6D2 /* ContentView.swift */ = {isa = PBXFileReference; lastKnownFileType = sourcecode.swift; path = ContentView.swift; sourceTree = "<group>"; };
		EE105B2126E757E10090D6D2 /* Assets.xcassets */ = {isa = PBXFileReference; lastKnownFileType = folder.assetcatalog; path = Assets.xcassets; sourceTree = "<group>"; };
		EE105B2426E757E10090D6D2 /* Preview Assets.xcassets */ = {isa = PBXFileReference; lastKnownFileType = folder.assetcatalog; path = "Preview Assets.xcassets"; sourceTree = "<group>"; };
		EE105B2626E757E10090D6D2 /* Info.plist */ = {isa = PBXFileReference; lastKnownFileType = text.plist.xml; path = Info.plist; sourceTree = "<group>"; };
		EE105B3026E774420090D6D2 /* PostListViewModel.swift */ = {isa = PBXFileReference; lastKnownFileType = sourcecode.swift; path = PostListViewModel.swift; sourceTree = "<group>"; };
		EE105B3226E77D2D0090D6D2 /* ArtworkLoader.swift */ = {isa = PBXFileReference; lastKnownFileType = sourcecode.swift; path = ArtworkLoader.swift; sourceTree = "<group>"; };
		EE105B3626E7812F0090D6D2 /* EmptyStateView.swift */ = {isa = PBXFileReference; lastKnownFileType = sourcecode.swift; path = EmptyStateView.swift; sourceTree = "<group>"; };
		EE5AF74D26E8A29D00E304C8 /* PostDetailView.swift */ = {isa = PBXFileReference; lastKnownFileType = sourcecode.swift; path = PostDetailView.swift; sourceTree = "<group>"; };
		EE5AF77C26E8F52400E304C8 /* DataModel.swift */ = {isa = PBXFileReference; lastKnownFileType = sourcecode.swift; path = DataModel.swift; sourceTree = "<group>"; };
		EE5AF77E26E8FE1C00E304C8 /* PostCardView.swift */ = {isa = PBXFileReference; lastKnownFileType = sourcecode.swift; path = PostCardView.swift; sourceTree = "<group>"; };
		EE5AF78026E8FEB800E304C8 /* ArtworkView.swift */ = {isa = PBXFileReference; lastKnownFileType = sourcecode.swift; path = ArtworkView.swift; sourceTree = "<group>"; };
		EE5AF78226E9518000E304C8 /* LaunchScreen.storyboard */ = {isa = PBXFileReference; lastKnownFileType = file.storyboard; path = LaunchScreen.storyboard; sourceTree = "<group>"; };
		EE93DD2A26EA740200934413 /* ErrorHandler.swift */ = {isa = PBXFileReference; lastKnownFileType = sourcecode.swift; path = ErrorHandler.swift; sourceTree = "<group>"; };
/* End PBXFileReference section */

/* Begin PBXFrameworksBuildPhase section */
		EE105B1726E757DD0090D6D2 /* Frameworks */ = {
			isa = PBXFrameworksBuildPhase;
			buildActionMask = 2147483647;
			files = (
			);
			runOnlyForDeploymentPostprocessing = 0;
		};
/* End PBXFrameworksBuildPhase section */

/* Begin PBXGroup section */
		EE105B1126E757DD0090D6D2 = {
			isa = PBXGroup;
			children = (
				EE105B1C26E757DD0090D6D2 /* GA_Tech_Int */,
				EE105B1B26E757DD0090D6D2 /* Products */,
			);
			sourceTree = "<group>";
		};
		EE105B1B26E757DD0090D6D2 /* Products */ = {
			isa = PBXGroup;
			children = (
				EE105B1A26E757DD0090D6D2 /* GA_Tech_Int.app */,
			);
			name = Products;
			sourceTree = "<group>";
		};
		EE105B1C26E757DD0090D6D2 /* GA_Tech_Int */ = {
			isa = PBXGroup;
			children = (
				EE105B1D26E757DD0090D6D2 /* GA_Tech_IntApp.swift */,
				EE105B1F26E757DD0090D6D2 /* ContentView.swift */,
				EE105B3926E781820090D6D2 /* Views */,
				EE105B3826E781650090D6D2 /* Data Handling */,
				EE105B2126E757E10090D6D2 /* Assets.xcassets */,
				EE105B2626E757E10090D6D2 /* Info.plist */,
				EE105B2326E757E10090D6D2 /* Preview Content */,
			);
			path = GA_Tech_Int;
			sourceTree = "<group>";
		};
		EE105B2326E757E10090D6D2 /* Preview Content */ = {
			isa = PBXGroup;
			children = (
				EE105B2426E757E10090D6D2 /* Preview Assets.xcassets */,
			);
			path = "Preview Content";
			sourceTree = "<group>";
		};
		EE105B3826E781650090D6D2 /* Data Handling */ = {
			isa = PBXGroup;
			children = (
				EE105B3026E774420090D6D2 /* PostListViewModel.swift */,
				EE5AF77C26E8F52400E304C8 /* DataModel.swift */,
				EE105B3226E77D2D0090D6D2 /* ArtworkLoader.swift */,
				EE93DD2A26EA740200934413 /* ErrorHandler.swift */,
			);
			path = "Data Handling";
			sourceTree = "<group>";
		};
		EE105B3926E781820090D6D2 /* Views */ = {
			isa = PBXGroup;
			children = (
				EE5AF78226E9518000E304C8 /* LaunchScreen.storyboard */,
				EE5AF78026E8FEB800E304C8 /* ArtworkView.swift */,
				EE105B3626E7812F0090D6D2 /* EmptyStateView.swift */,
				EE5AF77E26E8FE1C00E304C8 /* PostCardView.swift */,
				EE5AF74D26E8A29D00E304C8 /* PostDetailView.swift */,
			);
			path = Views;
			sourceTree = "<group>";
		};
/* End PBXGroup section */

/* Begin PBXNativeTarget section */
		EE105B1926E757DD0090D6D2 /* GA_Tech_Int */ = {
			isa = PBXNativeTarget;
			buildConfigurationList = EE105B2926E757E10090D6D2 /* Build configuration list for PBXNativeTarget "GA_Tech_Int" */;
			buildPhases = (
				EE105B1626E757DD0090D6D2 /* Sources */,
				EE105B1726E757DD0090D6D2 /* Frameworks */,
				EE105B1826E757DD0090D6D2 /* Resources */,
			);
			buildRules = (
			);
			dependencies = (
			);
			name = GA_Tech_Int;
			productName = GA_Tech_Int;
			productReference = EE105B1A26E757DD0090D6D2 /* GA_Tech_Int.app */;
			productType = "com.apple.product-type.application";
		};
/* End PBXNativeTarget section */

/* Begin PBXProject section */
		EE105B1226E757DD0090D6D2 /* Project object */ = {
			isa = PBXProject;
			attributes = {
				LastSwiftUpdateCheck = 1250;
				LastUpgradeCheck = 1250;
				TargetAttributes = {
					EE105B1926E757DD0090D6D2 = {
						CreatedOnToolsVersion = 12.5.1;
					};
				};
			};
			buildConfigurationList = EE105B1526E757DD0090D6D2 /* Build configuration list for PBXProject "GA_Tech_Int" */;
			compatibilityVersion = "Xcode 9.3";
			developmentRegion = en;
			hasScannedForEncodings = 0;
			knownRegions = (
				en,
				Base,
			);
			mainGroup = EE105B1126E757DD0090D6D2;
			productRefGroup = EE105B1B26E757DD0090D6D2 /* Products */;
			projectDirPath = "";
			projectRoot = "";
			targets = (
				EE105B1926E757DD0090D6D2 /* GA_Tech_Int */,
			);
		};
/* End PBXProject section */

/* Begin PBXResourcesBuildPhase section */
		EE105B1826E757DD0090D6D2 /* Resources */ = {
			isa = PBXResourcesBuildPhase;
			buildActionMask = 2147483647;
			files = (
				EE5AF78326E9518000E304C8 /* LaunchScreen.storyboard in Resources */,
				EE105B2526E757E10090D6D2 /* Preview Assets.xcassets in Resources */,
				EE105B2226E757E10090D6D2 /* Assets.xcassets in Resources */,
			);
			runOnlyForDeploymentPostprocessing = 0;
		};
/* End PBXResourcesBuildPhase section */

/* Begin PBXSourcesBuildPhase section */
		EE105B1626E757DD0090D6D2 /* Sources */ = {
			isa = PBXSourcesBuildPhase;
			buildActionMask = 2147483647;
			files = (
				EE5AF77F26E8FE1C00E304C8 /* PostCardView.swift in Sources */,
				EE5AF78126E8FEB800E304C8 /* ArtworkView.swift in Sources */,
				EE105B3726E7812F0090D6D2 /* EmptyStateView.swift in Sources */,
				EE93DD2B26EA740200934413 /* ErrorHandler.swift in Sources */,
				EE105B2026E757DD0090D6D2 /* ContentView.swift in Sources */,
				EE105B3326E77D2D0090D6D2 /* ArtworkLoader.swift in Sources */,
				EE5AF74E26E8A29D00E304C8 /* PostDetailView.swift in Sources */,
				EE105B3126E774420090D6D2 /* PostListViewModel.swift in Sources */,
				EE105B1E26E757DD0090D6D2 /* GA_Tech_IntApp.swift in Sources */,
				EE5AF77D26E8F52400E304C8 /* DataModel.swift in Sources */,
			);
			runOnlyForDeploymentPostprocessing = 0;
		};
/* End PBXSourcesBuildPhase section */

/* Begin XCBuildConfiguration section */
		EE105B2726E757E10090D6D2 /* Debug */ = {
			isa = XCBuildConfiguration;
			buildSettings = {
				ALWAYS_SEARCH_USER_PATHS = NO;
				CLANG_ANALYZER_NONNULL = YES;
				CLANG_ANALYZER_NUMBER_OBJECT_CONVERSION = YES_AGGRESSIVE;
				CLANG_CXX_LANGUAGE_STANDARD = "gnu++14";
				CLANG_CXX_LIBRARY = "libc++";
				CLANG_ENABLE_MODULES = YES;
				CLANG_ENABLE_OBJC_ARC = YES;
				CLANG_ENABLE_OBJC_WEAK = YES;
				CLANG_WARN_BLOCK_CAPTURE_AUTORELEASING = YES;
				CLANG_WARN_BOOL_CONVERSION = YES;
				CLANG_WARN_COMMA = YES;
				CLANG_WARN_CONSTANT_CONVERSION = YES;
				CLANG_WARN_DEPRECATED_OBJC_IMPLEMENTATIONS = YES;
				CLANG_WARN_DIRECT_OBJC_ISA_USAGE = YES_ERROR;
				CLANG_WARN_DOCUMENTATION_COMMENTS = YES;
				CLANG_WARN_EMPTY_BODY = YES;
				CLANG_WARN_ENUM_CONVERSION = YES;
				CLANG_WARN_INFINITE_RECURSION = YES;
				CLANG_WARN_INT_CONVERSION = YES;
				CLANG_WARN_NON_LITERAL_NULL_CONVERSION = YES;
				CLANG_WARN_OBJC_IMPLICIT_RETAIN_SELF = YES;
				CLANG_WARN_OBJC_LITERAL_CONVERSION = YES;
				CLANG_WARN_OBJC_ROOT_CLASS = YES_ERROR;
				CLANG_WARN_QUOTED_INCLUDE_IN_FRAMEWORK_HEADER = YES;
				CLANG_WARN_RANGE_LOOP_ANALYSIS = YES;
				CLANG_WARN_STRICT_PROTOTYPES = YES;
				CLANG_WARN_SUSPICIOUS_MOVE = YES;
				CLANG_WARN_UNGUARDED_AVAILABILITY = YES_AGGRESSIVE;
				CLANG_WARN_UNREACHABLE_CODE = YES;
				CLANG_WARN__DUPLICATE_METHOD_MATCH = YES;
				COPY_PHASE_STRIP = NO;
				DEBUG_INFORMATION_FORMAT = dwarf;
				ENABLE_STRICT_OBJC_MSGSEND = YES;
				ENABLE_TESTABILITY = YES;
				GCC_C_LANGUAGE_STANDARD = gnu11;
				GCC_DYNAMIC_NO_PIC = NO;
				GCC_NO_COMMON_BLOCKS = YES;
				GCC_OPTIMIZATION_LEVEL = 0;
				GCC_PREPROCESSOR_DEFINITIONS = (
					"DEBUG=1",
					"$(inherited)",
				);
				GCC_WARN_64_TO_32_BIT_CONVERSION = YES;
				GCC_WARN_ABOUT_RETURN_TYPE = YES_ERROR;
				GCC_WARN_UNDECLARED_SELECTOR = YES;
				GCC_WARN_UNINITIALIZED_AUTOS = YES_AGGRESSIVE;
				GCC_WARN_UNUSED_FUNCTION = YES;
				GCC_WARN_UNUSED_VARIABLE = YES;
				IPHONEOS_DEPLOYMENT_TARGET = 14.5;
				MTL_ENABLE_DEBUG_INFO = INCLUDE_SOURCE;
				MTL_FAST_MATH = YES;
				ONLY_ACTIVE_ARCH = YES;
				SDKROOT = iphoneos;
				SWIFT_ACTIVE_COMPILATION_CONDITIONS = DEBUG;
				SWIFT_OPTIMIZATION_LEVEL = "-Onone";
			};
			name = Debug;
		};
		EE105B2826E757E10090D6D2 /* Release */ = {
			isa = XCBuildConfiguration;
			buildSettings = {
				ALWAYS_SEARCH_USER_PATHS = NO;
				CLANG_ANALYZER_NONNULL = YES;
				CLANG_ANALYZER_NUMBER_OBJECT_CONVERSION = YES_AGGRESSIVE;
				CLANG_CXX_LANGUAGE_STANDARD = "gnu++14";
				CLANG_CXX_LIBRARY = "libc++";
				CLANG_ENABLE_MODULES = YES;
				CLANG_ENABLE_OBJC_ARC = YES;
				CLANG_ENABLE_OBJC_WEAK = YES;
				CLANG_WARN_BLOCK_CAPTURE_AUTORELEASING = YES;
				CLANG_WARN_BOOL_CONVERSION = YES;
				CLANG_WARN_COMMA = YES;
				CLANG_WARN_CONSTANT_CONVERSION = YES;
				CLANG_WARN_DEPRECATED_OBJC_IMPLEMENTATIONS = YES;
				CLANG_WARN_DIRECT_OBJC_ISA_USAGE = YES_ERROR;
				CLANG_WARN_DOCUMENTATION_COMMENTS = YES;
				CLANG_WARN_EMPTY_BODY = YES;
				CLANG_WARN_ENUM_CONVERSION = YES;
				CLANG_WARN_INFINITE_RECURSION = YES;
				CLANG_WARN_INT_CONVERSION = YES;
				CLANG_WARN_NON_LITERAL_NULL_CONVERSION = YES;
				CLANG_WARN_OBJC_IMPLICIT_RETAIN_SELF = YES;
				CLANG_WARN_OBJC_LITERAL_CONVERSION = YES;
				CLANG_WARN_OBJC_ROOT_CLASS = YES_ERROR;
				CLANG_WARN_QUOTED_INCLUDE_IN_FRAMEWORK_HEADER = YES;
				CLANG_WARN_RANGE_LOOP_ANALYSIS = YES;
				CLANG_WARN_STRICT_PROTOTYPES = YES;
				CLANG_WARN_SUSPICIOUS_MOVE = YES;
				CLANG_WARN_UNGUARDED_AVAILABILITY = YES_AGGRESSIVE;
				CLANG_WARN_UNREACHABLE_CODE = YES;
				CLANG_WARN__DUPLICATE_METHOD_MATCH = YES;
				COPY_PHASE_STRIP = NO;
				DEBUG_INFORMATION_FORMAT = "dwarf-with-dsym";
				ENABLE_NS_ASSERTIONS = NO;
				ENABLE_STRICT_OBJC_MSGSEND = YES;
				GCC_C_LANGUAGE_STANDARD = gnu11;
				GCC_NO_COMMON_BLOCKS = YES;
				GCC_WARN_64_TO_32_BIT_CONVERSION = YES;
				GCC_WARN_ABOUT_RETURN_TYPE = YES_ERROR;
				GCC_WARN_UNDECLARED_SELECTOR = YES;
				GCC_WARN_UNINITIALIZED_AUTOS = YES_AGGRESSIVE;
				GCC_WARN_UNUSED_FUNCTION = YES;
				GCC_WARN_UNUSED_VARIABLE = YES;
				IPHONEOS_DEPLOYMENT_TARGET = 14.5;
				MTL_ENABLE_DEBUG_INFO = NO;
				MTL_FAST_MATH = YES;
				SDKROOT = iphoneos;
				SWIFT_COMPILATION_MODE = wholemodule;
				SWIFT_OPTIMIZATION_LEVEL = "-O";
				VALIDATE_PRODUCT = YES;
			};
			name = Release;
		};
		EE105B2A26E757E10090D6D2 /* Debug */ = {
			isa = XCBuildConfiguration;
			buildSettings = {
				ASSETCATALOG_COMPILER_APPICON_NAME = AppIcon;
				ASSETCATALOG_COMPILER_GLOBAL_ACCENT_COLOR_NAME = AccentColor;
				CODE_SIGN_STYLE = Automatic;
				DEVELOPMENT_ASSET_PATHS = "\"GA_Tech_Int/Preview Content\"";
				DEVELOPMENT_TEAM = SKBQ8WXJ76;
				ENABLE_PREVIEWS = YES;
				INFOPLIST_FILE = GA_Tech_Int/Info.plist;
				IPHONEOS_DEPLOYMENT_TARGET = 14.0;
				LD_RUNPATH_SEARCH_PATHS = (
					"$(inherited)",
					"@executable_path/Frameworks",
				);
				PRODUCT_BUNDLE_IDENTIFIER = "com.curiouscode.GA-Tech-Int";
				PRODUCT_NAME = "$(TARGET_NAME)";
				SWIFT_VERSION = 5.0;
				TARGETED_DEVICE_FAMILY = "1,2";
			};
			name = Debug;
		};
		EE105B2B26E757E10090D6D2 /* Release */ = {
			isa = XCBuildConfiguration;
			buildSettings = {
				ASSETCATALOG_COMPILER_APPICON_NAME = AppIcon;
				ASSETCATALOG_COMPILER_GLOBAL_ACCENT_COLOR_NAME = AccentColor;
				CODE_SIGN_STYLE = Automatic;
				DEVELOPMENT_ASSET_PATHS = "\"GA_Tech_Int/Preview Content\"";
				DEVELOPMENT_TEAM = SKBQ8WXJ76;
				ENABLE_PREVIEWS = YES;
				INFOPLIST_FILE = GA_Tech_Int/Info.plist;
				IPHONEOS_DEPLOYMENT_TARGET = 14.0;
				LD_RUNPATH_SEARCH_PATHS = (
					"$(inherited)",
					"@executable_path/Frameworks",
				);
				PRODUCT_BUNDLE_IDENTIFIER = "com.curiouscode.GA-Tech-Int";
				PRODUCT_NAME = "$(TARGET_NAME)";
				SWIFT_VERSION = 5.0;
				TARGETED_DEVICE_FAMILY = "1,2";
			};
			name = Release;
		};
/* End XCBuildConfiguration section */

/* Begin XCConfigurationList section */
		EE105B1526E757DD0090D6D2 /* Build configuration list for PBXProject "GA_Tech_Int" */ = {
			isa = XCConfigurationList;
			buildConfigurations = (
				EE105B2726E757E10090D6D2 /* Debug */,
				EE105B2826E757E10090D6D2 /* Release */,
			);
			defaultConfigurationIsVisible = 0;
			defaultConfigurationName = Release;
		};
		EE105B2926E757E10090D6D2 /* Build configuration list for PBXNativeTarget "GA_Tech_Int" */ = {
			isa = XCConfigurationList;
			buildConfigurations = (
				EE105B2A26E757E10090D6D2 /* Debug */,
				EE105B2B26E757E10090D6D2 /* Release */,
			);
			defaultConfigurationIsVisible = 0;
			defaultConfigurationName = Release;
		};
/* End XCConfigurationList section */
	};
	rootObject = EE105B1226E757DD0090D6D2 /* Project object */;
}
